// !$*UTF8*$!
{
	archiveVersion = 1;
	classes = {
	};
	objectVersion = 50;
	objects = {

/* Begin PBXBuildFile section */
		8B0F08112446CA7800AEBACF /* FollowersListVC.swift in Sources */ = {isa = PBXBuildFile; fileRef = 8B0F08102446CA7800AEBACF /* FollowersListVC.swift */; };
		8B0F08132446DF3800AEBACF /* GFTitleLabel.swift in Sources */ = {isa = PBXBuildFile; fileRef = 8B0F08122446DF3800AEBACF /* GFTitleLabel.swift */; };
		8B0F08152446E23200AEBACF /* GFbodyLabel.swift in Sources */ = {isa = PBXBuildFile; fileRef = 8B0F08142446E23200AEBACF /* GFbodyLabel.swift */; };
		8B0F08172446F0FD00AEBACF /* GFAlertVC.swift in Sources */ = {isa = PBXBuildFile; fileRef = 8B0F08162446F0FC00AEBACF /* GFAlertVC.swift */; };
		8B0F08192446FDA200AEBACF /* UIViewController+Ext.swift in Sources */ = {isa = PBXBuildFile; fileRef = 8B0F08182446FDA200AEBACF /* UIViewController+Ext.swift */; };
		8B63EBDE2445D410009CFA30 /* AppDelegate.swift in Sources */ = {isa = PBXBuildFile; fileRef = 8B63EBDD2445D410009CFA30 /* AppDelegate.swift */; };
		8B63EBE02445D410009CFA30 /* SceneDelegate.swift in Sources */ = {isa = PBXBuildFile; fileRef = 8B63EBDF2445D410009CFA30 /* SceneDelegate.swift */; };
		8B63EBE72445D411009CFA30 /* Assets.xcassets in Resources */ = {isa = PBXBuildFile; fileRef = 8B63EBE62445D411009CFA30 /* Assets.xcassets */; };
		8B63EBEA2445D411009CFA30 /* LaunchScreen.storyboard in Resources */ = {isa = PBXBuildFile; fileRef = 8B63EBE82445D411009CFA30 /* LaunchScreen.storyboard */; };
		8B63EBF22445DA09009CFA30 /* SearchVC.swift in Sources */ = {isa = PBXBuildFile; fileRef = 8B63EBF12445DA09009CFA30 /* SearchVC.swift */; };
		8B63EBF42445DA45009CFA30 /* FavoritesListVC.swift in Sources */ = {isa = PBXBuildFile; fileRef = 8B63EBF32445DA45009CFA30 /* FavoritesListVC.swift */; };
		8B63EBF62445EE33009CFA30 /* GFButton.swift in Sources */ = {isa = PBXBuildFile; fileRef = 8B63EBF52445EE33009CFA30 /* GFButton.swift */; };
		8B63EBF824460E84009CFA30 /* GFTextField.swift in Sources */ = {isa = PBXBuildFile; fileRef = 8B63EBF724460E84009CFA30 /* GFTextField.swift */; };
/* End PBXBuildFile section */

/* Begin PBXFileReference section */
		8B0F08102446CA7800AEBACF /* FollowersListVC.swift */ = {isa = PBXFileReference; lastKnownFileType = sourcecode.swift; path = FollowersListVC.swift; sourceTree = "<group>"; };
		8B0F08122446DF3800AEBACF /* GFTitleLabel.swift */ = {isa = PBXFileReference; lastKnownFileType = sourcecode.swift; path = GFTitleLabel.swift; sourceTree = "<group>"; };
		8B0F08142446E23200AEBACF /* GFbodyLabel.swift */ = {isa = PBXFileReference; lastKnownFileType = sourcecode.swift; path = GFbodyLabel.swift; sourceTree = "<group>"; };
		8B0F08162446F0FC00AEBACF /* GFAlertVC.swift */ = {isa = PBXFileReference; lastKnownFileType = sourcecode.swift; path = GFAlertVC.swift; sourceTree = "<group>"; };
		8B0F08182446FDA200AEBACF /* UIViewController+Ext.swift */ = {isa = PBXFileReference; lastKnownFileType = sourcecode.swift; path = "UIViewController+Ext.swift"; sourceTree = "<group>"; };
		8B63EBDA2445D410009CFA30 /* Github-Pro.app */ = {isa = PBXFileReference; explicitFileType = wrapper.application; includeInIndex = 0; path = "Github-Pro.app"; sourceTree = BUILT_PRODUCTS_DIR; };
		8B63EBDD2445D410009CFA30 /* AppDelegate.swift */ = {isa = PBXFileReference; lastKnownFileType = sourcecode.swift; path = AppDelegate.swift; sourceTree = "<group>"; };
		8B63EBDF2445D410009CFA30 /* SceneDelegate.swift */ = {isa = PBXFileReference; lastKnownFileType = sourcecode.swift; path = SceneDelegate.swift; sourceTree = "<group>"; };
		8B63EBE62445D411009CFA30 /* Assets.xcassets */ = {isa = PBXFileReference; lastKnownFileType = folder.assetcatalog; path = Assets.xcassets; sourceTree = "<group>"; };
		8B63EBE92445D411009CFA30 /* Base */ = {isa = PBXFileReference; lastKnownFileType = file.storyboard; name = Base; path = Base.lproj/LaunchScreen.storyboard; sourceTree = "<group>"; };
		8B63EBEB2445D411009CFA30 /* Info.plist */ = {isa = PBXFileReference; lastKnownFileType = text.plist.xml; path = Info.plist; sourceTree = "<group>"; };
		8B63EBF12445DA09009CFA30 /* SearchVC.swift */ = {isa = PBXFileReference; lastKnownFileType = sourcecode.swift; path = SearchVC.swift; sourceTree = "<group>"; };
		8B63EBF32445DA45009CFA30 /* FavoritesListVC.swift */ = {isa = PBXFileReference; lastKnownFileType = sourcecode.swift; path = FavoritesListVC.swift; sourceTree = "<group>"; };
		8B63EBF52445EE33009CFA30 /* GFButton.swift */ = {isa = PBXFileReference; lastKnownFileType = sourcecode.swift; path = GFButton.swift; sourceTree = "<group>"; };
		8B63EBF724460E84009CFA30 /* GFTextField.swift */ = {isa = PBXFileReference; lastKnownFileType = sourcecode.swift; path = GFTextField.swift; sourceTree = "<group>"; };
/* End PBXFileReference section */

/* Begin PBXFrameworksBuildPhase section */
		8B63EBD72445D410009CFA30 /* Frameworks */ = {
			isa = PBXFrameworksBuildPhase;
			buildActionMask = 2147483647;
			files = (
			);
			runOnlyForDeploymentPostprocessing = 0;
		};
/* End PBXFrameworksBuildPhase section */

/* Begin PBXGroup section */
		8B0F081A24470FE400AEBACF /* screens */ = {
			isa = PBXGroup;
			children = (
				8B63EBF12445DA09009CFA30 /* SearchVC.swift */,
				8B0F08102446CA7800AEBACF /* FollowersListVC.swift */,
				8B63EBF32445DA45009CFA30 /* FavoritesListVC.swift */,
			);
			path = screens;
			sourceTree = "<group>";
		};
		8B0F081B2447101300AEBACF /* Custom Views */ = {
			isa = PBXGroup;
			children = (
				8B63EBF52445EE33009CFA30 /* GFButton.swift */,
				8B63EBF724460E84009CFA30 /* GFTextField.swift */,
				8B0F08122446DF3800AEBACF /* GFTitleLabel.swift */,
				8B0F08142446E23200AEBACF /* GFbodyLabel.swift */,
			);
			path = "Custom Views";
			sourceTree = "<group>";
		};
		8B0F081D2447106200AEBACF /* Extension */ = {
			isa = PBXGroup;
			children = (
				8B0F08162446F0FC00AEBACF /* GFAlertVC.swift */,
				8B0F08182446FDA200AEBACF /* UIViewController+Ext.swift */,
			);
			path = Extension;
			sourceTree = "<group>";
		};
		8B0F081E244710A800AEBACF /* Supports */ = {
			isa = PBXGroup;
			children = (
				8B63EBDD2445D410009CFA30 /* AppDelegate.swift */,
				8B63EBDF2445D410009CFA30 /* SceneDelegate.swift */,
			);
			path = Supports;
			sourceTree = "<group>";
		};
		8B63EBD12445D410009CFA30 = {
			isa = PBXGroup;
			children = (
				8B63EBDC2445D410009CFA30 /* Github-Pro */,
				8B63EBDB2445D410009CFA30 /* Products */,
			);
			sourceTree = "<group>";
		};
		8B63EBDB2445D410009CFA30 /* Products */ = {
			isa = PBXGroup;
			children = (
				8B63EBDA2445D410009CFA30 /* Github-Pro.app */,
			);
			name = Products;
			sourceTree = "<group>";
		};
		8B63EBDC2445D410009CFA30 /* Github-Pro */ = {
			isa = PBXGroup;
			children = (
				8B0F081E244710A800AEBACF /* Supports */,
				8B0F081D2447106200AEBACF /* Extension */,
				8B0F081B2447101300AEBACF /* Custom Views */,
				8B0F081A24470FE400AEBACF /* screens */,
				8B63EBE62445D411009CFA30 /* Assets.xcassets */,
				8B63EBE82445D411009CFA30 /* LaunchScreen.storyboard */,
				8B63EBEB2445D411009CFA30 /* Info.plist */,
			);
			path = "Github-Pro";
			sourceTree = "<group>";
		};
/* End PBXGroup section */

/* Begin PBXNativeTarget section */
		8B63EBD92445D410009CFA30 /* Github-Pro */ = {
			isa = PBXNativeTarget;
			buildConfigurationList = 8B63EBEE2445D411009CFA30 /* Build configuration list for PBXNativeTarget "Github-Pro" */;
			buildPhases = (
				8B63EBD62445D410009CFA30 /* Sources */,
				8B63EBD72445D410009CFA30 /* Frameworks */,
				8B63EBD82445D410009CFA30 /* Resources */,
			);
			buildRules = (
			);
			dependencies = (
			);
			name = "Github-Pro";
			productName = "Github-Pro";
			productReference = 8B63EBDA2445D410009CFA30 /* Github-Pro.app */;
			productType = "com.apple.product-type.application";
		};
/* End PBXNativeTarget section */

/* Begin PBXProject section */
		8B63EBD22445D410009CFA30 /* Project object */ = {
			isa = PBXProject;
			attributes = {
				LastSwiftUpdateCheck = 1130;
				LastUpgradeCheck = 1130;
				ORGANIZATIONNAME = Developer;
				TargetAttributes = {
					8B63EBD92445D410009CFA30 = {
						CreatedOnToolsVersion = 11.3.1;
					};
				};
			};
			buildConfigurationList = 8B63EBD52445D410009CFA30 /* Build configuration list for PBXProject "Github-Pro" */;
			compatibilityVersion = "Xcode 9.3";
			developmentRegion = en;
			hasScannedForEncodings = 0;
			knownRegions = (
				en,
				Base,
			);
			mainGroup = 8B63EBD12445D410009CFA30;
			productRefGroup = 8B63EBDB2445D410009CFA30 /* Products */;
			projectDirPath = "";
			projectRoot = "";
			targets = (
				8B63EBD92445D410009CFA30 /* Github-Pro */,
			);
		};
/* End PBXProject section */

/* Begin PBXResourcesBuildPhase section */
		8B63EBD82445D410009CFA30 /* Resources */ = {
			isa = PBXResourcesBuildPhase;
			buildActionMask = 2147483647;
			files = (
				8B63EBEA2445D411009CFA30 /* LaunchScreen.storyboard in Resources */,
				8B63EBE72445D411009CFA30 /* Assets.xcassets in Resources */,
			);
			runOnlyForDeploymentPostprocessing = 0;
		};
/* End PBXResourcesBuildPhase section */

/* Begin PBXSourcesBuildPhase section */
		8B63EBD62445D410009CFA30 /* Sources */ = {
			isa = PBXSourcesBuildPhase;
			buildActionMask = 2147483647;
			files = (
				8B63EBF22445DA09009CFA30 /* SearchVC.swift in Sources */,
				8B0F08192446FDA200AEBACF /* UIViewController+Ext.swift in Sources */,
				8B0F08112446CA7800AEBACF /* FollowersListVC.swift in Sources */,
				8B63EBF62445EE33009CFA30 /* GFButton.swift in Sources */,
				8B63EBF42445DA45009CFA30 /* FavoritesListVC.swift in Sources */,
				8B0F08172446F0FD00AEBACF /* GFAlertVC.swift in Sources */,
				8B0F08152446E23200AEBACF /* GFbodyLabel.swift in Sources */,
				8B63EBDE2445D410009CFA30 /* AppDelegate.swift in Sources */,
				8B0F08132446DF3800AEBACF /* GFTitleLabel.swift in Sources */,
				8B63EBE02445D410009CFA30 /* SceneDelegate.swift in Sources */,
				8B63EBF824460E84009CFA30 /* GFTextField.swift in Sources */,
			);
			runOnlyForDeploymentPostprocessing = 0;
		};
/* End PBXSourcesBuildPhase section */

/* Begin PBXVariantGroup section */
		8B63EBE82445D411009CFA30 /* LaunchScreen.storyboard */ = {
			isa = PBXVariantGroup;
			children = (
				8B63EBE92445D411009CFA30 /* Base */,
			);
			name = LaunchScreen.storyboard;
			sourceTree = "<group>";
		};
/* End PBXVariantGroup section */

/* Begin XCBuildConfiguration section */
		8B63EBEC2445D411009CFA30 /* Debug */ = {
			isa = XCBuildConfiguration;
			buildSettings = {
				ALWAYS_SEARCH_USER_PATHS = NO;
				CLANG_ANALYZER_NONNULL = YES;
				CLANG_ANALYZER_NUMBER_OBJECT_CONVERSION = YES_AGGRESSIVE;
				CLANG_CXX_LANGUAGE_STANDARD = "gnu++14";
				CLANG_CXX_LIBRARY = "libc++";
				CLANG_ENABLE_MODULES = YES;
				CLANG_ENABLE_OBJC_ARC = YES;
				CLANG_ENABLE_OBJC_WEAK = YES;
				CLANG_WARN_BLOCK_CAPTURE_AUTORELEASING = YES;
				CLANG_WARN_BOOL_CONVERSION = YES;
				CLANG_WARN_COMMA = YES;
				CLANG_WARN_CONSTANT_CONVERSION = YES;
				CLANG_WARN_DEPRECATED_OBJC_IMPLEMENTATIONS = YES;
				CLANG_WARN_DIRECT_OBJC_ISA_USAGE = YES_ERROR;
				CLANG_WARN_DOCUMENTATION_COMMENTS = YES;
				CLANG_WARN_EMPTY_BODY = YES;
				CLANG_WARN_ENUM_CONVERSION = YES;
				CLANG_WARN_INFINITE_RECURSION = YES;
				CLANG_WARN_INT_CONVERSION = YES;
				CLANG_WARN_NON_LITERAL_NULL_CONVERSION = YES;
				CLANG_WARN_OBJC_IMPLICIT_RETAIN_SELF = YES;
				CLANG_WARN_OBJC_LITERAL_CONVERSION = YES;
				CLANG_WARN_OBJC_ROOT_CLASS = YES_ERROR;
				CLANG_WARN_RANGE_LOOP_ANALYSIS = YES;
				CLANG_WARN_STRICT_PROTOTYPES = YES;
				CLANG_WARN_SUSPICIOUS_MOVE = YES;
				CLANG_WARN_UNGUARDED_AVAILABILITY = YES_AGGRESSIVE;
				CLANG_WARN_UNREACHABLE_CODE = YES;
				CLANG_WARN__DUPLICATE_METHOD_MATCH = YES;
				COPY_PHASE_STRIP = NO;
				DEBUG_INFORMATION_FORMAT = dwarf;
				ENABLE_STRICT_OBJC_MSGSEND = YES;
				ENABLE_TESTABILITY = YES;
				GCC_C_LANGUAGE_STANDARD = gnu11;
				GCC_DYNAMIC_NO_PIC = NO;
				GCC_NO_COMMON_BLOCKS = YES;
				GCC_OPTIMIZATION_LEVEL = 0;
				GCC_PREPROCESSOR_DEFINITIONS = (
					"DEBUG=1",
					"$(inherited)",
				);
				GCC_WARN_64_TO_32_BIT_CONVERSION = YES;
				GCC_WARN_ABOUT_RETURN_TYPE = YES_ERROR;
				GCC_WARN_UNDECLARED_SELECTOR = YES;
				GCC_WARN_UNINITIALIZED_AUTOS = YES_AGGRESSIVE;
				GCC_WARN_UNUSED_FUNCTION = YES;
				GCC_WARN_UNUSED_VARIABLE = YES;
				IPHONEOS_DEPLOYMENT_TARGET = 13.2;
				MTL_ENABLE_DEBUG_INFO = INCLUDE_SOURCE;
				MTL_FAST_MATH = YES;
				ONLY_ACTIVE_ARCH = YES;
				SDKROOT = iphoneos;
				SWIFT_ACTIVE_COMPILATION_CONDITIONS = DEBUG;
				SWIFT_OPTIMIZATION_LEVEL = "-Onone";
			};
			name = Debug;
		};
		8B63EBED2445D411009CFA30 /* Release */ = {
			isa = XCBuildConfiguration;
			buildSettings = {
				ALWAYS_SEARCH_USER_PATHS = NO;
				CLANG_ANALYZER_NONNULL = YES;
				CLANG_ANALYZER_NUMBER_OBJECT_CONVERSION = YES_AGGRESSIVE;
				CLANG_CXX_LANGUAGE_STANDARD = "gnu++14";
				CLANG_CXX_LIBRARY = "libc++";
				CLANG_ENABLE_MODULES = YES;
				CLANG_ENABLE_OBJC_ARC = YES;
				CLANG_ENABLE_OBJC_WEAK = YES;
				CLANG_WARN_BLOCK_CAPTURE_AUTORELEASING = YES;
				CLANG_WARN_BOOL_CONVERSION = YES;
				CLANG_WARN_COMMA = YES;
				CLANG_WARN_CONSTANT_CONVERSION = YES;
				CLANG_WARN_DEPRECATED_OBJC_IMPLEMENTATIONS = YES;
				CLANG_WARN_DIRECT_OBJC_ISA_USAGE = YES_ERROR;
				CLANG_WARN_DOCUMENTATION_COMMENTS = YES;
				CLANG_WARN_EMPTY_BODY = YES;
				CLANG_WARN_ENUM_CONVERSION = YES;
				CLANG_WARN_INFINITE_RECURSION = YES;
				CLANG_WARN_INT_CONVERSION = YES;
				CLANG_WARN_NON_LITERAL_NULL_CONVERSION = YES;
				CLANG_WARN_OBJC_IMPLICIT_RETAIN_SELF = YES;
				CLANG_WARN_OBJC_LITERAL_CONVERSION = YES;
				CLANG_WARN_OBJC_ROOT_CLASS = YES_ERROR;
				CLANG_WARN_RANGE_LOOP_ANALYSIS = YES;
				CLANG_WARN_STRICT_PROTOTYPES = YES;
				CLANG_WARN_SUSPICIOUS_MOVE = YES;
				CLANG_WARN_UNGUARDED_AVAILABILITY = YES_AGGRESSIVE;
				CLANG_WARN_UNREACHABLE_CODE = YES;
				CLANG_WARN__DUPLICATE_METHOD_MATCH = YES;
				COPY_PHASE_STRIP = NO;
				DEBUG_INFORMATION_FORMAT = "dwarf-with-dsym";
				ENABLE_NS_ASSERTIONS = NO;
				ENABLE_STRICT_OBJC_MSGSEND = YES;
				GCC_C_LANGUAGE_STANDARD = gnu11;
				GCC_NO_COMMON_BLOCKS = YES;
				GCC_WARN_64_TO_32_BIT_CONVERSION = YES;
				GCC_WARN_ABOUT_RETURN_TYPE = YES_ERROR;
				GCC_WARN_UNDECLARED_SELECTOR = YES;
				GCC_WARN_UNINITIALIZED_AUTOS = YES_AGGRESSIVE;
				GCC_WARN_UNUSED_FUNCTION = YES;
				GCC_WARN_UNUSED_VARIABLE = YES;
				IPHONEOS_DEPLOYMENT_TARGET = 13.2;
				MTL_ENABLE_DEBUG_INFO = NO;
				MTL_FAST_MATH = YES;
				SDKROOT = iphoneos;
				SWIFT_COMPILATION_MODE = wholemodule;
				SWIFT_OPTIMIZATION_LEVEL = "-O";
				VALIDATE_PRODUCT = YES;
			};
			name = Release;
		};
		8B63EBEF2445D411009CFA30 /* Debug */ = {
			isa = XCBuildConfiguration;
			buildSettings = {
				ASSETCATALOG_COMPILER_APPICON_NAME = AppIcon;
				CODE_SIGN_STYLE = Automatic;
				DEVELOPMENT_TEAM = 3WM563E257;
				INFOPLIST_FILE = "Github-Pro/Info.plist";
				IPHONEOS_DEPLOYMENT_TARGET = 13.0;
				LD_RUNPATH_SEARCH_PATHS = (
					"$(inherited)",
					"@executable_path/Frameworks",
				);
				PRODUCT_BUNDLE_IDENTIFIER = "com.Github-Pro";
				PRODUCT_NAME = "$(TARGET_NAME)";
				SWIFT_VERSION = 5.0;
				TARGETED_DEVICE_FAMILY = "1,2";
			};
			name = Debug;
		};
		8B63EBF02445D411009CFA30 /* Release */ = {
			isa = XCBuildConfiguration;
			buildSettings = {
				ASSETCATALOG_COMPILER_APPICON_NAME = AppIcon;
				CODE_SIGN_STYLE = Automatic;
				DEVELOPMENT_TEAM = 3WM563E257;
				INFOPLIST_FILE = "Github-Pro/Info.plist";
				IPHONEOS_DEPLOYMENT_TARGET = 13.0;
				LD_RUNPATH_SEARCH_PATHS = (
					"$(inherited)",
					"@executable_path/Frameworks",
				);
				PRODUCT_BUNDLE_IDENTIFIER = "com.Github-Pro";
				PRODUCT_NAME = "$(TARGET_NAME)";
				SWIFT_VERSION = 5.0;
				TARGETED_DEVICE_FAMILY = "1,2";
			};
			name = Release;
		};
/* End XCBuildConfiguration section */

/* Begin XCConfigurationList section */
		8B63EBD52445D410009CFA30 /* Build configuration list for PBXProject "Github-Pro" */ = {
			isa = XCConfigurationList;
			buildConfigurations = (
				8B63EBEC2445D411009CFA30 /* Debug */,
				8B63EBED2445D411009CFA30 /* Release */,
			);
			defaultConfigurationIsVisible = 0;
			defaultConfigurationName = Release;
		};
		8B63EBEE2445D411009CFA30 /* Build configuration list for PBXNativeTarget "Github-Pro" */ = {
			isa = XCConfigurationList;
			buildConfigurations = (
				8B63EBEF2445D411009CFA30 /* Debug */,
				8B63EBF02445D411009CFA30 /* Release */,
			);
			defaultConfigurationIsVisible = 0;
			defaultConfigurationName = Release;
		};
/* End XCConfigurationList section */
	};
	rootObject = 8B63EBD22445D410009CFA30 /* Project object */;
}
